// !$*UTF8*$!
{
	archiveVersion = 1;
	classes = {
	};
	objectVersion = 46;
	objects = {

/* Begin PBXBuildFile section */
		79147C2A1AD69E3400D868BA /* main.m in Sources */ = {isa = PBXBuildFile; fileRef = 79147C291AD69E3400D868BA /* main.m */; };
		79147C2D1AD69E3400D868BA /* AppDelegate.m in Sources */ = {isa = PBXBuildFile; fileRef = 79147C2C1AD69E3400D868BA /* AppDelegate.m */; };
		79147C301AD69E3400D868BA /* ViewController.m in Sources */ = {isa = PBXBuildFile; fileRef = 79147C2F1AD69E3400D868BA /* ViewController.m */; };
		79147C331AD69E3400D868BA /* Main.storyboard in Resources */ = {isa = PBXBuildFile; fileRef = 79147C311AD69E3400D868BA /* Main.storyboard */; };
		79147C351AD69E3400D868BA /* Images.xcassets in Resources */ = {isa = PBXBuildFile; fileRef = 79147C341AD69E3400D868BA /* Images.xcassets */; };
		79147C381AD69E3400D868BA /* LaunchScreen.xib in Resources */ = {isa = PBXBuildFile; fileRef = 79147C361AD69E3400D868BA /* LaunchScreen.xib */; };
		79147C441AD69E3400D868BA /* CCMVTests.m in Sources */ = {isa = PBXBuildFile; fileRef = 79147C431AD69E3400D868BA /* CCMVTests.m */; };
/* End PBXBuildFile section */

/* Begin PBXContainerItemProxy section */
		79147C3E1AD69E3400D868BA /* PBXContainerItemProxy */ = {
			isa = PBXContainerItemProxy;
			containerPortal = 79147C1C1AD69E3400D868BA /* Project object */;
			proxyType = 1;
			remoteGlobalIDString = 79147C231AD69E3400D868BA;
			remoteInfo = CCMV;
		};
/* End PBXContainerItemProxy section */

/* Begin PBXFileReference section */
		79147C241AD69E3400D868BA /* CCMV.app */ = {isa = PBXFileReference; explicitFileType = wrapper.application; includeInIndex = 0; path = CCMV.app; sourceTree = BUILT_PRODUCTS_DIR; };
		79147C281AD69E3400D868BA /* Info.plist */ = {isa = PBXFileReference; lastKnownFileType = text.plist.xml; path = Info.plist; sourceTree = "<group>"; };
		79147C291AD69E3400D868BA /* main.m */ = {isa = PBXFileReference; lastKnownFileType = sourcecode.c.objc; path = main.m; sourceTree = "<group>"; };
		79147C2B1AD69E3400D868BA /* AppDelegate.h */ = {isa = PBXFileReference; lastKnownFileType = sourcecode.c.h; path = AppDelegate.h; sourceTree = "<group>"; };
		79147C2C1AD69E3400D868BA /* AppDelegate.m */ = {isa = PBXFileReference; lastKnownFileType = sourcecode.c.objc; path = AppDelegate.m; sourceTree = "<group>"; };
		79147C2E1AD69E3400D868BA /* ViewController.h */ = {isa = PBXFileReference; lastKnownFileType = sourcecode.c.h; path = ViewController.h; sourceTree = "<group>"; };
		79147C2F1AD69E3400D868BA /* ViewController.m */ = {isa = PBXFileReference; lastKnownFileType = sourcecode.c.objc; path = ViewController.m; sourceTree = "<group>"; };
		79147C321AD69E3400D868BA /* Base */ = {isa = PBXFileReference; lastKnownFileType = file.storyboard; name = Base; path = Base.lproj/Main.storyboard; sourceTree = "<group>"; };
		79147C341AD69E3400D868BA /* Images.xcassets */ = {isa = PBXFileReference; lastKnownFileType = folder.assetcatalog; path = Images.xcassets; sourceTree = "<group>"; };
		79147C371AD69E3400D868BA /* Base */ = {isa = PBXFileReference; lastKnownFileType = file.xib; name = Base; path = Base.lproj/LaunchScreen.xib; sourceTree = "<group>"; };
		79147C3D1AD69E3400D868BA /* CCMVTests.xctest */ = {isa = PBXFileReference; explicitFileType = wrapper.cfbundle; includeInIndex = 0; path = CCMVTests.xctest; sourceTree = BUILT_PRODUCTS_DIR; };
		79147C421AD69E3400D868BA /* Info.plist */ = {isa = PBXFileReference; lastKnownFileType = text.plist.xml; path = Info.plist; sourceTree = "<group>"; };
		79147C431AD69E3400D868BA /* CCMVTests.m */ = {isa = PBXFileReference; lastKnownFileType = sourcecode.c.objc; path = CCMVTests.m; sourceTree = "<group>"; };
/* End PBXFileReference section */

/* Begin PBXFrameworksBuildPhase section */
		79147C211AD69E3400D868BA /* Frameworks */ = {
			isa = PBXFrameworksBuildPhase;
			buildActionMask = 2147483647;
			files = (
			);
			runOnlyForDeploymentPostprocessing = 0;
		};
		79147C3A1AD69E3400D868BA /* Frameworks */ = {
			isa = PBXFrameworksBuildPhase;
			buildActionMask = 2147483647;
			files = (
			);
			runOnlyForDeploymentPostprocessing = 0;
		};
/* End PBXFrameworksBuildPhase section */

/* Begin PBXGroup section */
		79147C1B1AD69E3400D868BA = {
			isa = PBXGroup;
			children = (
				79147C261AD69E3400D868BA /* CCMV */,
				79147C401AD69E3400D868BA /* CCMVTests */,
				79147C251AD69E3400D868BA /* Products */,
			);
			sourceTree = "<group>";
		};
		79147C251AD69E3400D868BA /* Products */ = {
			isa = PBXGroup;
			children = (
				79147C241AD69E3400D868BA /* CCMV.app */,
				79147C3D1AD69E3400D868BA /* CCMVTests.xctest */,
			);
			name = Products;
			sourceTree = "<group>";
		};
		79147C261AD69E3400D868BA /* CCMV */ = {
			isa = PBXGroup;
			children = (
				79147C2B1AD69E3400D868BA /* AppDelegate.h */,
				79147C2C1AD69E3400D868BA /* AppDelegate.m */,
				79147C2E1AD69E3400D868BA /* ViewController.h */,
				79147C2F1AD69E3400D868BA /* ViewController.m */,
				79147C311AD69E3400D868BA /* Main.storyboard */,
				79147C341AD69E3400D868BA /* Images.xcassets */,
				79147C361AD69E3400D868BA /* LaunchScreen.xib */,
				79147C271AD69E3400D868BA /* Supporting Files */,
			);
			path = CCMV;
			sourceTree = "<group>";
		};
		79147C271AD69E3400D868BA /* Supporting Files */ = {
			isa = PBXGroup;
			children = (
				79147C281AD69E3400D868BA /* Info.plist */,
				79147C291AD69E3400D868BA /* main.m */,
			);
			name = "Supporting Files";
			sourceTree = "<group>";
		};
		79147C401AD69E3400D868BA /* CCMVTests */ = {
			isa = PBXGroup;
			children = (
				79147C431AD69E3400D868BA /* CCMVTests.m */,
				79147C411AD69E3400D868BA /* Supporting Files */,
			);
			path = CCMVTests;
			sourceTree = "<group>";
		};
		79147C411AD69E3400D868BA /* Supporting Files */ = {
			isa = PBXGroup;
			children = (
				79147C421AD69E3400D868BA /* Info.plist */,
			);
			name = "Supporting Files";
			sourceTree = "<group>";
		};
/* End PBXGroup section */

/* Begin PBXNativeTarget section */
		79147C231AD69E3400D868BA /* CCMV */ = {
			isa = PBXNativeTarget;
			buildConfigurationList = 79147C471AD69E3400D868BA /* Build configuration list for PBXNativeTarget "CCMV" */;
			buildPhases = (
				79147C201AD69E3400D868BA /* Sources */,
				79147C211AD69E3400D868BA /* Frameworks */,
				79147C221AD69E3400D868BA /* Resources */,
			);
			buildRules = (
			);
			dependencies = (
			);
			name = CCMV;
			productName = CCMV;
			productReference = 79147C241AD69E3400D868BA /* CCMV.app */;
			productType = "com.apple.product-type.application";
		};
		79147C3C1AD69E3400D868BA /* CCMVTests */ = {
			isa = PBXNativeTarget;
			buildConfigurationList = 79147C4A1AD69E3400D868BA /* Build configuration list for PBXNativeTarget "CCMVTests" */;
			buildPhases = (
				79147C391AD69E3400D868BA /* Sources */,
				79147C3A1AD69E3400D868BA /* Frameworks */,
				79147C3B1AD69E3400D868BA /* Resources */,
			);
			buildRules = (
			);
			dependencies = (
				79147C3F1AD69E3400D868BA /* PBXTargetDependency */,
			);
			name = CCMVTests;
			productName = CCMVTests;
			productReference = 79147C3D1AD69E3400D868BA /* CCMVTests.xctest */;
			productType = "com.apple.product-type.bundle.unit-test";
		};
/* End PBXNativeTarget section */

/* Begin PBXProject section */
		79147C1C1AD69E3400D868BA /* Project object */ = {
			isa = PBXProject;
			attributes = {
				LastUpgradeCheck = 0610;
				ORGANIZATIONNAME = zd;
				TargetAttributes = {
					79147C231AD69E3400D868BA = {
						CreatedOnToolsVersion = 6.1.1;
					};
					79147C3C1AD69E3400D868BA = {
						CreatedOnToolsVersion = 6.1.1;
						TestTargetID = 79147C231AD69E3400D868BA;
					};
				};
			};
			buildConfigurationList = 79147C1F1AD69E3400D868BA /* Build configuration list for PBXProject "CCMV" */;
			compatibilityVersion = "Xcode 3.2";
			developmentRegion = English;
			hasScannedForEncodings = 0;
			knownRegions = (
				en,
				Base,
			);
			mainGroup = 79147C1B1AD69E3400D868BA;
			productRefGroup = 79147C251AD69E3400D868BA /* Products */;
			projectDirPath = "";
			projectRoot = "";
			targets = (
				79147C231AD69E3400D868BA /* CCMV */,
				79147C3C1AD69E3400D868BA /* CCMVTests */,
			);
		};
/* End PBXProject section */

/* Begin PBXResourcesBuildPhase section */
		79147C221AD69E3400D868BA /* Resources */ = {
			isa = PBXResourcesBuildPhase;
			buildActionMask = 2147483647;
			files = (
				79147C331AD69E3400D868BA /* Main.storyboard in Resources */,
				79147C381AD69E3400D868BA /* LaunchScreen.xib in Resources */,
				79147C351AD69E3400D868BA /* Images.xcassets in Resources */,
			);
			runOnlyForDeploymentPostprocessing = 0;
		};
		79147C3B1AD69E3400D868BA /* Resources */ = {
			isa = PBXResourcesBuildPhase;
			buildActionMask = 2147483647;
			files = (
			);
			runOnlyForDeploymentPostprocessing = 0;
		};
/* End PBXResourcesBuildPhase section */

/* Begin PBXSourcesBuildPhase section */
		79147C201AD69E3400D868BA /* Sources */ = {
			isa = PBXSourcesBuildPhase;
			buildActionMask = 2147483647;
			files = (
				79147C301AD69E3400D868BA /* ViewController.m in Sources */,
				79147C2D1AD69E3400D868BA /* AppDelegate.m in Sources */,
				79147C2A1AD69E3400D868BA /* main.m in Sources */,
			);
			runOnlyForDeploymentPostprocessing = 0;
		};
		79147C391AD69E3400D868BA /* Sources */ = {
			isa = PBXSourcesBuildPhase;
			buildActionMask = 2147483647;
			files = (
				79147C441AD69E3400D868BA /* CCMVTests.m in Sources */,
			);
			runOnlyForDeploymentPostprocessing = 0;
		};
/* End PBXSourcesBuildPhase section */

/* Begin PBXTargetDependency section */
		79147C3F1AD69E3400D868BA /* PBXTargetDependency */ = {
			isa = PBXTargetDependency;
			target = 79147C231AD69E3400D868BA /* CCMV */;
			targetProxy = 79147C3E1AD69E3400D868BA /* PBXContainerItemProxy */;
		};
/* End PBXTargetDependency section */

/* Begin PBXVariantGroup section */
		79147C311AD69E3400D868BA /* Main.storyboard */ = {
			isa = PBXVariantGroup;
			children = (
				79147C321AD69E3400D868BA /* Base */,
			);
			name = Main.storyboard;
			sourceTree = "<group>";
		};
		79147C361AD69E3400D868BA /* LaunchScreen.xib */ = {
			isa = PBXVariantGroup;
			children = (
				79147C371AD69E3400D868BA /* Base */,
			);
			name = LaunchScreen.xib;
			sourceTree = "<group>";
		};
/* End PBXVariantGroup section */

/* Begin XCBuildConfiguration section */
		79147C451AD69E3400D868BA /* Debug */ = {
			isa = XCBuildConfiguration;
			buildSettings = {
				ALWAYS_SEARCH_USER_PATHS = NO;
				CLANG_CXX_LANGUAGE_STANDARD = "gnu++0x";
				CLANG_CXX_LIBRARY = "libc++";
				CLANG_ENABLE_MODULES = YES;
				CLANG_ENABLE_OBJC_ARC = YES;
				CLANG_WARN_BOOL_CONVERSION = YES;
				CLANG_WARN_CONSTANT_CONVERSION = YES;
				CLANG_WARN_DIRECT_OBJC_ISA_USAGE = YES_ERROR;
				CLANG_WARN_EMPTY_BODY = YES;
				CLANG_WARN_ENUM_CONVERSION = YES;
				CLANG_WARN_INT_CONVERSION = YES;
				CLANG_WARN_OBJC_ROOT_CLASS = YES_ERROR;
				CLANG_WARN_UNREACHABLE_CODE = YES;
				CLANG_WARN__DUPLICATE_METHOD_MATCH = YES;
				"CODE_SIGN_IDENTITY[sdk=iphoneos*]" = "iPhone Developer";
				COPY_PHASE_STRIP = NO;
				ENABLE_STRICT_OBJC_MSGSEND = YES;
				GCC_C_LANGUAGE_STANDARD = gnu99;
				GCC_DYNAMIC_NO_PIC = NO;
				GCC_OPTIMIZATION_LEVEL = 0;
				GCC_PREPROCESSOR_DEFINITIONS = (
					"DEBUG=1",
					"$(inherited)",
				);
				GCC_SYMBOLS_PRIVATE_EXTERN = NO;
				GCC_WARN_64_TO_32_BIT_CONVERSION = YES;
				GCC_WARN_ABOUT_RETURN_TYPE = YES_ERROR;
				GCC_WARN_UNDECLARED_SELECTOR = YES;
				GCC_WARN_UNINITIALIZED_AUTOS = YES_AGGRESSIVE;
				GCC_WARN_UNUSED_FUNCTION = YES;
				GCC_WARN_UNUSED_VARIABLE = YES;
				IPHONEOS_DEPLOYMENT_TARGET = 8.1;
				MTL_ENABLE_DEBUG_INFO = YES;
				ONLY_ACTIVE_ARCH = YES;
				SDKROOT = iphoneos;
				TARGETED_DEVICE_FAMILY = "1,2";
			};
			name = Debug;
		};
		79147C461AD69E3400D868BA /* Release */ = {
			isa = XCBuildConfiguration;
			buildSettings = {
				ALWAYS_SEARCH_USER_PATHS = NO;
				CLANG_CXX_LANGUAGE_STANDARD = "gnu++0x";
				CLANG_CXX_LIBRARY = "libc++";
				CLANG_ENABLE_MODULES = YES;
				CLANG_ENABLE_OBJC_ARC = YES;
				CLANG_WARN_BOOL_CONVERSION = YES;
				CLANG_WARN_CONSTANT_CONVERSION = YES;
				CLANG_WARN_DIRECT_OBJC_ISA_USAGE = YES_ERROR;
				CLANG_WARN_EMPTY_BODY = YES;
				CLANG_WARN_ENUM_CONVERSION = YES;
				CLANG_WARN_INT_CONVERSION = YES;
				CLANG_WARN_OBJC_ROOT_CLASS = YES_ERROR;
				CLANG_WARN_UNREACHABLE_CODE = YES;
				CLANG_WARN__DUPLICATE_METHOD_MATCH = YES;
				"CODE_SIGN_IDENTITY[sdk=iphoneos*]" = "iPhone Developer";
				COPY_PHASE_STRIP = YES;
				ENABLE_NS_ASSERTIONS = NO;
				ENABLE_STRICT_OBJC_MSGSEND = YES;
				GCC_C_LANGUAGE_STANDARD = gnu99;
				GCC_WARN_64_TO_32_BIT_CONVERSION = YES;
				GCC_WARN_ABOUT_RETURN_TYPE = YES_ERROR;
				GCC_WARN_UNDECLARED_SELECTOR = YES;
				GCC_WARN_UNINITIALIZED_AUTOS = YES_AGGRESSIVE;
				GCC_WARN_UNUSED_FUNCTION = YES;
				GCC_WARN_UNUSED_VARIABLE = YES;
				IPHONEOS_DEPLOYMENT_TARGET = 8.1;
				MTL_ENABLE_DEBUG_INFO = NO;
				SDKROOT = iphoneos;
				TARGETED_DEVICE_FAMILY = "1,2";
				VALIDATE_PRODUCT = YES;
			};
			name = Release;
		};
		79147C481AD69E3400D868BA /* Debug */ = {
			isa = XCBuildConfiguration;
			buildSettings = {
				ASSETCATALOG_COMPILER_APPICON_NAME = AppIcon;
				INFOPLIST_FILE = CCMV/Info.plist;
				LD_RUNPATH_SEARCH_PATHS = "$(inherited) @executable_path/Frameworks";
				PRODUCT_NAME = "$(TARGET_NAME)";
			};
			name = Debug;
		};
		79147C491AD69E3400D868BA /* Release */ = {
			isa = XCBuildConfiguration;
			buildSettings = {
				ASSETCATALOG_COMPILER_APPICON_NAME = AppIcon;
				INFOPLIST_FILE = CCMV/Info.plist;
				LD_RUNPATH_SEARCH_PATHS = "$(inherited) @executable_path/Frameworks";
				PRODUCT_NAME = "$(TARGET_NAME)";
			};
			name = Release;
		};
		79147C4B1AD69E3400D868BA /* Debug */ = {
			isa = XCBuildConfiguration;
			buildSettings = {
				BUNDLE_LOADER = "$(TEST_HOST)";
				FRAMEWORK_SEARCH_PATHS = (
					"$(SDKROOT)/Developer/Library/Frameworks",
					"$(inherited)",
				);
				GCC_PREPROCESSOR_DEFINITIONS = (
					"DEBUG=1",
					"$(inherited)",
				);
				INFOPLIST_FILE = CCMVTests/Info.plist;
				LD_RUNPATH_SEARCH_PATHS = "$(inherited) @executable_path/Frameworks @loader_path/Frameworks";
				PRODUCT_NAME = "$(TARGET_NAME)";
				TEST_HOST = "$(BUILT_PRODUCTS_DIR)/CCMV.app/CCMV";
			};
			name = Debug;
		};
		79147C4C1AD69E3400D868BA /* Release */ = {
			isa = XCBuildConfiguration;
			buildSettings = {
				BUNDLE_LOADER = "$(TEST_HOST)";
				FRAMEWORK_SEARCH_PATHS = (
					"$(SDKROOT)/Developer/Library/Frameworks",
					"$(inherited)",
				);
				INFOPLIST_FILE = CCMVTests/Info.plist;
				LD_RUNPATH_SEARCH_PATHS = "$(inherited) @executable_path/Frameworks @loader_path/Frameworks";
				PRODUCT_NAME = "$(TARGET_NAME)";
				TEST_HOST = "$(BUILT_PRODUCTS_DIR)/CCMV.app/CCMV";
			};
			name = Release;
		};
/* End XCBuildConfiguration section */

/* Begin XCConfigurationList section */
		79147C1F1AD69E3400D868BA /* Build configuration list for PBXProject "CCMV" */ = {
			isa = XCConfigurationList;
			buildConfigurations = (
				79147C451AD69E3400D868BA /* Debug */,
				79147C461AD69E3400D868BA /* Release */,
			);
			defaultConfigurationIsVisible = 0;
			defaultConfigurationName = Release;
		};
		79147C471AD69E3400D868BA /* Build configuration list for PBXNativeTarget "CCMV" */ = {
			isa = XCConfigurationList;
			buildConfigurations = (
				79147C481AD69E3400D868BA /* Debug */,
				79147C491AD69E3400D868BA /* Release */,
			);
			defaultConfigurationIsVisible = 0;
		};
		79147C4A1AD69E3400D868BA /* Build configuration list for PBXNativeTarget "CCMVTests" */ = {
			isa = XCConfigurationList;
			buildConfigurations = (
				79147C4B1AD69E3400D868BA /* Debug */,
				79147C4C1AD69E3400D868BA /* Release */,
			);
			defaultConfigurationIsVisible = 0;
		};
/* End XCConfigurationList section */
	};
	rootObject = 79147C1C1AD69E3400D868BA /* Project object */;
}
